Microsoft Visual Studio Solution File, Format Version 10.00
# Visual Studio 2008
Project("{8BC9CEB8-8B4A-11D0-8D11-00A0C91BC942}") = "MockeyWin32Runner", "MockeyWin32Runner\MockeyWin32Runner.vcproj", "{32B4E5C6-8DA6-4978-99B0-7FAC66A64268}"
EndProject
Global
	GlobalSection(SolutionConfigurationPlatforms) = preSolution
		Debug|Any CPU = Debug|Any CPU
		Debug|Mixed Platforms = Debug|Mixed Platforms
		Debug|Win32 = Debug|Win32
		Release|Any CPU = Release|Any CPU
		Release|Mixed Platforms = Release|Mixed Platforms
		Release|Win32 = Release|Win32
	EndGlobalSection
	GlobalSection(ProjectConfigurationPlatforms) = postSolution
		{32B4E5C6-8DA6-4978-99B0-7FAC66A64268}.Debug|Any CPU.ActiveCfg = Debug|Win32
		{32B4E5C6-8DA6-4978-99B0-7FAC66A64268}.Debug|Mixed Platforms.ActiveCfg = Debug|Win32
		{32B4E5C6-8DA6-4978-99B0-7FAC66A64268}.Debug|Mixed Platforms.Build.0 = Debug|Win32
		{32B4E5C6-8DA6-4978-99B0-7FAC66A64268}.Debug|Win32.ActiveCfg = Debug|Win32
		{32B4E5C6-8DA6-4978-99B0-7FAC66A64268}.Debug|Win32.Build.0 = Debug|Win32
		{32B4E5C6-8DA6-4978-99B0-7FAC66A64268}.Release|Any CPU.ActiveCfg = Release|Win32
		{32B4E5C6-8DA6-4978-99B0-7FAC66A64268}.Release|Mixed Platforms.ActiveCfg = Release|Win32
		{32B4E5C6-8DA6-4978-99B0-7FAC66A64268}.Release|Mixed Platforms.Build.0 = Release|Win32
		{32B4E5C6-8DA6-4978-99B0-7FAC66A64268}.Release|Win32.ActiveCfg = Release|Win32
		{32B4E5C6-8DA6-4978-99B0-7FAC66A64268}.Release|Win32.Build.0 = Release|Win32
	EndGlobalSection
	GlobalSection(SolutionProperties) = preSolution
		HideSolutionNode = FALSE
	EndGlobalSection
EndGlobal
